
Microsoft Visual Studio Solution File, Format Version 12.00
# Visual Studio Version 17
VisualStudioVersion = 17.9.34723.18
MinimumVisualStudioVersion = 10.0.40219.1
Project("{8BC9CEB8-8B4A-11D0-8D11-00A0C91BC942}") = "OutgameServer", "OutgameServer\OutgameServer.vcxproj", "{71967042-D865-4115-9E34-DB3C44633332}"
EndProject
Project("{8BC9CEB8-8B4A-11D0-8D11-00A0C91BC942}") = "IOCPNetworkLibrary", "IOCPNetworkLibrary\IOCPNetworkLibrary.vcxproj", "{B8CD1D4C-3A5E-4268-8277-532AD619EF70}"
EndProject
Project("{8BC9CEB8-8B4A-11D0-8D11-00A0C91BC942}") = "IOCPServerLibrary", "IOCPServerLibrary\IOCPServerLibrary.vcxproj", "{5266BD53-59B8-4DB4-B682-2FCB8F0ACC1E}"
EndProject
Project("{8BC9CEB8-8B4A-11D0-8D11-00A0C91BC942}") = "TestClient", "TestClient\TestClient.vcxproj", "{7551DDDF-16E8-459E-B54F-31C5053FA328}"
EndProject
Project("{8BC9CEB8-8B4A-11D0-8D11-00A0C91BC942}") = "PacketLibrary", "PacketLibrary\PacketLibrary.vcxproj", "{29AB2687-53AC-4A7E-8096-6AC1DDFF692D}"
EndProject
Project("{2150E333-8FDC-42A3-9474-1A3956D46DE8}") = "DatabaseTable", "DatabaseTable", "{3E1F8B4E-D44E-4AC9-9816-552C81E2E310}"
	ProjectSection(SolutionItems) = preProject
		DatabaseTable\Friends.sql = DatabaseTable\Friends.sql
		DatabaseTable\StoredProcedures.sql = DatabaseTable\StoredProcedures.sql
		DatabaseTable\User.sql = DatabaseTable\User.sql
	EndProjectSection
EndProject
Project("{8BC9CEB8-8B4A-11D0-8D11-00A0C91BC942}") = "UtilityLibrary", "UtilityLibrary\UtilityLibrary.vcxproj", "{476AFE9F-AC69-44DF-857D-B51CCE089F61}"
EndProject
Global
	GlobalSection(SolutionConfigurationPlatforms) = preSolution
		Debug|x64 = Debug|x64
		Debug|x86 = Debug|x86
		Release|x64 = Release|x64
		Release|x86 = Release|x86
	EndGlobalSection
	GlobalSection(ProjectConfigurationPlatforms) = postSolution
		{71967042-D865-4115-9E34-DB3C44633332}.Debug|x64.ActiveCfg = Debug|x64
		{71967042-D865-4115-9E34-DB3C44633332}.Debug|x64.Build.0 = Debug|x64
		{71967042-D865-4115-9E34-DB3C44633332}.Debug|x86.ActiveCfg = Debug|Win32
		{71967042-D865-4115-9E34-DB3C44633332}.Debug|x86.Build.0 = Debug|Win32
		{71967042-D865-4115-9E34-DB3C44633332}.Release|x64.ActiveCfg = Release|x64
		{71967042-D865-4115-9E34-DB3C44633332}.Release|x64.Build.0 = Release|x64
		{71967042-D865-4115-9E34-DB3C44633332}.Release|x86.ActiveCfg = Release|Win32
		{71967042-D865-4115-9E34-DB3C44633332}.Release|x86.Build.0 = Release|Win32
		{B8CD1D4C-3A5E-4268-8277-532AD619EF70}.Debug|x64.ActiveCfg = Debug|x64
		{B8CD1D4C-3A5E-4268-8277-532AD619EF70}.Debug|x64.Build.0 = Debug|x64
		{B8CD1D4C-3A5E-4268-8277-532AD619EF70}.Debug|x86.ActiveCfg = Debug|Win32
		{B8CD1D4C-3A5E-4268-8277-532AD619EF70}.Debug|x86.Build.0 = Debug|Win32
		{B8CD1D4C-3A5E-4268-8277-532AD619EF70}.Release|x64.ActiveCfg = Release|x64
		{B8CD1D4C-3A5E-4268-8277-532AD619EF70}.Release|x64.Build.0 = Release|x64
		{B8CD1D4C-3A5E-4268-8277-532AD619EF70}.Release|x86.ActiveCfg = Release|Win32
		{B8CD1D4C-3A5E-4268-8277-532AD619EF70}.Release|x86.Build.0 = Release|Win32
		{5266BD53-59B8-4DB4-B682-2FCB8F0ACC1E}.Debug|x64.ActiveCfg = Debug|x64
		{5266BD53-59B8-4DB4-B682-2FCB8F0ACC1E}.Debug|x64.Build.0 = Debug|x64
		{5266BD53-59B8-4DB4-B682-2FCB8F0ACC1E}.Debug|x86.ActiveCfg = Debug|Win32
		{5266BD53-59B8-4DB4-B682-2FCB8F0ACC1E}.Debug|x86.Build.0 = Debug|Win32
		{5266BD53-59B8-4DB4-B682-2FCB8F0ACC1E}.Release|x64.ActiveCfg = Release|x64
		{5266BD53-59B8-4DB4-B682-2FCB8F0ACC1E}.Release|x64.Build.0 = Release|x64
		{5266BD53-59B8-4DB4-B682-2FCB8F0ACC1E}.Release|x86.ActiveCfg = Release|Win32
		{5266BD53-59B8-4DB4-B682-2FCB8F0ACC1E}.Release|x86.Build.0 = Release|Win32
		{7551DDDF-16E8-459E-B54F-31C5053FA328}.Debug|x64.ActiveCfg = Debug|x64
		{7551DDDF-16E8-459E-B54F-31C5053FA328}.Debug|x64.Build.0 = Debug|x64
		{7551DDDF-16E8-459E-B54F-31C5053FA328}.Debug|x86.ActiveCfg = Debug|Win32
		{7551DDDF-16E8-459E-B54F-31C5053FA328}.Debug|x86.Build.0 = Debug|Win32
		{7551DDDF-16E8-459E-B54F-31C5053FA328}.Release|x64.ActiveCfg = Release|x64
		{7551DDDF-16E8-459E-B54F-31C5053FA328}.Release|x64.Build.0 = Release|x64
		{7551DDDF-16E8-459E-B54F-31C5053FA328}.Release|x86.ActiveCfg = Release|Win32
		{7551DDDF-16E8-459E-B54F-31C5053FA328}.Release|x86.Build.0 = Release|Win32
		{29AB2687-53AC-4A7E-8096-6AC1DDFF692D}.Debug|x64.ActiveCfg = Debug|x64
		{29AB2687-53AC-4A7E-8096-6AC1DDFF692D}.Debug|x64.Build.0 = Debug|x64
		{29AB2687-53AC-4A7E-8096-6AC1DDFF692D}.Debug|x86.ActiveCfg = Debug|Win32
		{29AB2687-53AC-4A7E-8096-6AC1DDFF692D}.Debug|x86.Build.0 = Debug|Win32
		{29AB2687-53AC-4A7E-8096-6AC1DDFF692D}.Release|x64.ActiveCfg = Release|x64
		{29AB2687-53AC-4A7E-8096-6AC1DDFF692D}.Release|x64.Build.0 = Release|x64
		{29AB2687-53AC-4A7E-8096-6AC1DDFF692D}.Release|x86.ActiveCfg = Release|Win32
		{29AB2687-53AC-4A7E-8096-6AC1DDFF692D}.Release|x86.Build.0 = Release|Win32
		{476AFE9F-AC69-44DF-857D-B51CCE089F61}.Debug|x64.ActiveCfg = Debug|x64
		{476AFE9F-AC69-44DF-857D-B51CCE089F61}.Debug|x64.Build.0 = Debug|x64
		{476AFE9F-AC69-44DF-857D-B51CCE089F61}.Debug|x86.ActiveCfg = Debug|Win32
		{476AFE9F-AC69-44DF-857D-B51CCE089F61}.Debug|x86.Build.0 = Debug|Win32
		{476AFE9F-AC69-44DF-857D-B51CCE089F61}.Release|x64.ActiveCfg = Release|x64
		{476AFE9F-AC69-44DF-857D-B51CCE089F61}.Release|x64.Build.0 = Release|x64
		{476AFE9F-AC69-44DF-857D-B51CCE089F61}.Release|x86.ActiveCfg = Release|Win32
		{476AFE9F-AC69-44DF-857D-B51CCE089F61}.Release|x86.Build.0 = Release|Win32
	EndGlobalSection
	GlobalSection(SolutionProperties) = preSolution
		HideSolutionNode = FALSE
	EndGlobalSection
	GlobalSection(ExtensibilityGlobals) = postSolution
		SolutionGuid = {998562F6-4A18-4F9C-8806-EB9ADF1DBFF2}
	EndGlobalSection
EndGlobal
