
Microsoft Visual Studio Solution File, Format Version 12.00
# Visual Studio Version 17
VisualStudioVersion = 17.9.34723.18
MinimumVisualStudioVersion = 10.0.40219.1
Project("{8BC9CEB8-8B4A-11D0-8D11-00A0C91BC942}") = "OutgameServer", "OutgameServer\OutgameServer.vcxproj", "{71967042-D865-4115-9E34-DB3C44633332}"
EndProject
Project("{8BC9CEB8-8B4A-11D0-8D11-00A0C91BC942}") = "NetworkLibrary", "NetworkLibrary\NetworkLibrary.vcxproj", "{4A50FD75-BBFA-4081-9186-C1FE5153C992}"
EndProject
Project("{8BC9CEB8-8B4A-11D0-8D11-00A0C91BC942}") = "IOCPNetworkLibrary", "IOCPNetworkLibrary\IOCPNetworkLibrary.vcxproj", "{B8CD1D4C-3A5E-4268-8277-532AD619EF70}"
EndProject
Project("{8BC9CEB8-8B4A-11D0-8D11-00A0C91BC942}") = "IOCPServerLibrary", "IOCPServerLibrary\IOCPServerLibrary.vcxproj", "{5266BD53-59B8-4DB4-B682-2FCB8F0ACC1E}"
EndProject
Global
	GlobalSection(SolutionConfigurationPlatforms) = preSolution
		Debug|x64 = Debug|x64
		Debug|x86 = Debug|x86
		Release|x64 = Release|x64
		Release|x86 = Release|x86
	EndGlobalSection
	GlobalSection(ProjectConfigurationPlatforms) = postSolution
		{71967042-D865-4115-9E34-DB3C44633332}.Debug|x64.ActiveCfg = Debug|x64
		{71967042-D865-4115-9E34-DB3C44633332}.Debug|x64.Build.0 = Debug|x64
		{71967042-D865-4115-9E34-DB3C44633332}.Debug|x86.ActiveCfg = Debug|Win32
		{71967042-D865-4115-9E34-DB3C44633332}.Debug|x86.Build.0 = Debug|Win32
		{71967042-D865-4115-9E34-DB3C44633332}.Release|x64.ActiveCfg = Release|x64
		{71967042-D865-4115-9E34-DB3C44633332}.Release|x64.Build.0 = Release|x64
		{71967042-D865-4115-9E34-DB3C44633332}.Release|x86.ActiveCfg = Release|Win32
		{71967042-D865-4115-9E34-DB3C44633332}.Release|x86.Build.0 = Release|Win32
		{4A50FD75-BBFA-4081-9186-C1FE5153C992}.Debug|x64.ActiveCfg = Debug|x64
		{4A50FD75-BBFA-4081-9186-C1FE5153C992}.Debug|x64.Build.0 = Debug|x64
		{4A50FD75-BBFA-4081-9186-C1FE5153C992}.Debug|x86.ActiveCfg = Debug|Win32
		{4A50FD75-BBFA-4081-9186-C1FE5153C992}.Debug|x86.Build.0 = Debug|Win32
		{4A50FD75-BBFA-4081-9186-C1FE5153C992}.Release|x64.ActiveCfg = Release|x64
		{4A50FD75-BBFA-4081-9186-C1FE5153C992}.Release|x64.Build.0 = Release|x64
		{4A50FD75-BBFA-4081-9186-C1FE5153C992}.Release|x86.ActiveCfg = Release|Win32
		{4A50FD75-BBFA-4081-9186-C1FE5153C992}.Release|x86.Build.0 = Release|Win32
		{B8CD1D4C-3A5E-4268-8277-532AD619EF70}.Debug|x64.ActiveCfg = Debug|x64
		{B8CD1D4C-3A5E-4268-8277-532AD619EF70}.Debug|x64.Build.0 = Debug|x64
		{B8CD1D4C-3A5E-4268-8277-532AD619EF70}.Debug|x86.ActiveCfg = Debug|Win32
		{B8CD1D4C-3A5E-4268-8277-532AD619EF70}.Debug|x86.Build.0 = Debug|Win32
		{B8CD1D4C-3A5E-4268-8277-532AD619EF70}.Release|x64.ActiveCfg = Release|x64
		{B8CD1D4C-3A5E-4268-8277-532AD619EF70}.Release|x64.Build.0 = Release|x64
		{B8CD1D4C-3A5E-4268-8277-532AD619EF70}.Release|x86.ActiveCfg = Release|Win32
		{B8CD1D4C-3A5E-4268-8277-532AD619EF70}.Release|x86.Build.0 = Release|Win32
		{5266BD53-59B8-4DB4-B682-2FCB8F0ACC1E}.Debug|x64.ActiveCfg = Debug|x64
		{5266BD53-59B8-4DB4-B682-2FCB8F0ACC1E}.Debug|x64.Build.0 = Debug|x64
		{5266BD53-59B8-4DB4-B682-2FCB8F0ACC1E}.Debug|x86.ActiveCfg = Debug|Win32
		{5266BD53-59B8-4DB4-B682-2FCB8F0ACC1E}.Debug|x86.Build.0 = Debug|Win32
		{5266BD53-59B8-4DB4-B682-2FCB8F0ACC1E}.Release|x64.ActiveCfg = Release|x64
		{5266BD53-59B8-4DB4-B682-2FCB8F0ACC1E}.Release|x64.Build.0 = Release|x64
		{5266BD53-59B8-4DB4-B682-2FCB8F0ACC1E}.Release|x86.ActiveCfg = Release|Win32
		{5266BD53-59B8-4DB4-B682-2FCB8F0ACC1E}.Release|x86.Build.0 = Release|Win32
	EndGlobalSection
	GlobalSection(SolutionProperties) = preSolution
		HideSolutionNode = FALSE
	EndGlobalSection
	GlobalSection(ExtensibilityGlobals) = postSolution
		SolutionGuid = {998562F6-4A18-4F9C-8806-EB9ADF1DBFF2}
	EndGlobalSection
EndGlobal
