<?xml version="1.0" encoding="utf-8"?>
<Project ToolsVersion="4.0" xmlns="http://schemas.microsoft.com/developer/msbuild/2003">
  <ItemGroup>
    <Filter Include="EchoClient">
      <UniqueIdentifier>{29181bd3-75e4-45bc-97f4-160498c8940f}</UniqueIdentifier>
    </Filter>
    <Filter Include="LoginClient">
      <UniqueIdentifier>{cf5fdb7c-1c8e-497e-82c3-2013f1e311da}</UniqueIdentifier>
    </Filter>
    <Filter Include="MemoryPoolTestClient">
      <UniqueIdentifier>{c49b47f8-a176-4713-94e8-d52eb1684c39}</UniqueIdentifier>
    </Filter>
    <Filter Include="Config">
      <UniqueIdentifier>{b757e732-89bd-4037-9961-caec9bfd88c4}</UniqueIdentifier>
    </Filter>
  </ItemGroup>
  <ItemGroup>
    <ClInclude Include="define.h">
      <Filter>Config</Filter>
    </ClInclude>
    <ClInclude Include="pch.h">
      <Filter>Config</Filter>
    </ClInclude>
    <ClInclude Include="EchoClient.h">
      <Filter>EchoClient</Filter>
    </ClInclude>
    <ClInclude Include="LoginClient.h">
      <Filter>LoginClient</Filter>
    </ClInclude>
    <ClInclude Include="MemoryPoolTestClient.h">
      <Filter>MemoryPoolTestClient</Filter>
    </ClInclude>
  </ItemGroup>
  <ItemGroup>
    <ClCompile Include="pch.cpp">
      <Filter>Config</Filter>
    </ClCompile>
    <ClCompile Include="EchoClient.cpp">
      <Filter>EchoClient</Filter>
    </ClCompile>
    <ClCompile Include="LoginClient.cpp">
      <Filter>LoginClient</Filter>
    </ClCompile>
    <ClCompile Include="main.cpp" />
    <ClCompile Include="MemoryPoolTestClient.cpp">
      <Filter>MemoryPoolTestClient</Filter>
    </ClCompile>
  </ItemGroup>
</Project>