<?xml version="1.0" encoding="utf-8"?>
<Project ToolsVersion="4.0" xmlns="http://schemas.microsoft.com/developer/msbuild/2003">
  <ItemGroup>
    <Filter Include="ServerCore">
      <UniqueIdentifier>{3100b703-9be7-4967-97cb-41adae25aa31}</UniqueIdentifier>
    </Filter>
    <Filter Include="Config">
      <UniqueIdentifier>{aae465e7-bbde-414a-a6f8-165f64bd28c5}</UniqueIdentifier>
    </Filter>
    <Filter Include="DB">
      <UniqueIdentifier>{e3c9849a-3666-4132-91b5-b5c582510e3a}</UniqueIdentifier>
    </Filter>
  </ItemGroup>
  <ItemGroup>
    <ClInclude Include="ServerCore.h">
      <Filter>ServerCore</Filter>
    </ClInclude>
    <ClInclude Include="pch.h">
      <Filter>Config</Filter>
    </ClInclude>
    <ClInclude Include="framework.h">
      <Filter>Config</Filter>
    </ClInclude>
    <ClInclude Include="Define.h">
      <Filter>Config</Filter>
    </ClInclude>
    <ClInclude Include="Session.h">
      <Filter>Config</Filter>
    </ClInclude>
    <ClInclude Include="DBConnection.h">
      <Filter>DB</Filter>
    </ClInclude>
    <ClInclude Include="DBConnectionPool.h">
      <Filter>DB</Filter>
    </ClInclude>
    <ClInclude Include="DBBind.h">
      <Filter>DB</Filter>
    </ClInclude>
  </ItemGroup>
  <ItemGroup>
    <ClCompile Include="ServerCore.cpp">
      <Filter>ServerCore</Filter>
    </ClCompile>
    <ClCompile Include="pch.cpp">
      <Filter>Config</Filter>
    </ClCompile>
    <ClCompile Include="DBConnection.cpp">
      <Filter>DB</Filter>
    </ClCompile>
    <ClCompile Include="DBConnectionPool.cpp">
      <Filter>DB</Filter>
    </ClCompile>
    <ClCompile Include="DBBind.cpp">
      <Filter>DB</Filter>
    </ClCompile>
  </ItemGroup>
</Project>