<?xml version="1.0" encoding="utf-8"?>
<Project ToolsVersion="4.0" xmlns="http://schemas.microsoft.com/developer/msbuild/2003">
  <ItemGroup>
    <Filter Include="Utility">
      <UniqueIdentifier>{33080799-5001-4bcb-8a7a-96f0bda48a81}</UniqueIdentifier>
    </Filter>
    <Filter Include="User">
      <UniqueIdentifier>{8b5b713c-74a5-4b3c-8bfb-0f31ba8ee808}</UniqueIdentifier>
    </Filter>
    <Filter Include="Core">
      <UniqueIdentifier>{233d8f91-fe40-43b0-96b6-5456c707e664}</UniqueIdentifier>
    </Filter>
    <Filter Include="Config">
      <UniqueIdentifier>{e9633464-4068-4271-a65c-923cd34dc1af}</UniqueIdentifier>
    </Filter>
    <Filter Include="GameRoom">
      <UniqueIdentifier>{d33ad84f-d922-4bf2-adee-f134a8c62c46}</UniqueIdentifier>
    </Filter>
  </ItemGroup>
  <ItemGroup>
    <ClCompile Include="PacketHandler.cpp">
      <Filter>Utility</Filter>
    </ClCompile>
    <ClCompile Include="PacketDataFactory.cpp">
      <Filter>Utility</Filter>
    </ClCompile>
    <ClCompile Include="User.cpp">
      <Filter>User</Filter>
    </ClCompile>
    <ClCompile Include="UserManager.cpp">
      <Filter>User</Filter>
    </ClCompile>
    <ClCompile Include="OutgameServer.cpp">
      <Filter>Core</Filter>
    </ClCompile>
    <ClCompile Include="main.cpp">
      <Filter>Core</Filter>
    </ClCompile>
    <ClCompile Include="pch.cpp">
      <Filter>Config</Filter>
    </ClCompile>
    <ClCompile Include="GameRoom.cpp">
      <Filter>GameRoom</Filter>
    </ClCompile>
    <ClCompile Include="GameRoomManager.cpp">
      <Filter>GameRoom</Filter>
    </ClCompile>
  </ItemGroup>
  <ItemGroup>
    <ClInclude Include="PacketHandler.h">
      <Filter>Utility</Filter>
    </ClInclude>
    <ClInclude Include="PacketDataFactory.h">
      <Filter>Utility</Filter>
    </ClInclude>
    <ClInclude Include="User.h">
      <Filter>User</Filter>
    </ClInclude>
    <ClInclude Include="UserManager.h">
      <Filter>User</Filter>
    </ClInclude>
    <ClInclude Include="OutgameServer.h">
      <Filter>Core</Filter>
    </ClInclude>
    <ClInclude Include="pch.h">
      <Filter>Config</Filter>
    </ClInclude>
    <ClInclude Include="Define.h">
      <Filter>Config</Filter>
    </ClInclude>
    <ClInclude Include="SharedStructure.h">
      <Filter>Core</Filter>
    </ClInclude>
    <ClInclude Include="GameRoom.h">
      <Filter>GameRoom</Filter>
    </ClInclude>
    <ClInclude Include="GameRoomManager.h">
      <Filter>GameRoom</Filter>
    </ClInclude>
  </ItemGroup>
</Project>